
Microsoft Visual Studio Solution File, Format Version 12.00
# Visual Studio Version 17
VisualStudioVersion = 17.8.34316.72
MinimumVisualStudioVersion = 10.0.40219.1
Project("{F184B08F-C81C-45F6-A57F-5ABD9991F28F}") = "Day 2 intro to vb (4)", "Day 2 intro to vb (4).vbproj", "{424105E1-6E45-455D-9EBF-B70D47151C0B}"
EndProject
Global
	GlobalSection(SolutionConfigurationPlatforms) = preSolution
		Debug|Any CPU = Debug|Any CPU
		Release|Any CPU = Release|Any CPU
	EndGlobalSection
	GlobalSection(ProjectConfigurationPlatforms) = postSolution
		{424105E1-6E45-455D-9EBF-B70D47151C0B}.Debug|Any CPU.ActiveCfg = Debug|Any CPU
		{424105E1-6E45-455D-9EBF-B70D47151C0B}.Debug|Any CPU.Build.0 = Debug|Any CPU
		{424105E1-6E45-455D-9EBF-B70D47151C0B}.Release|Any CPU.ActiveCfg = Release|Any CPU
		{424105E1-6E45-455D-9EBF-B70D47151C0B}.Release|Any CPU.Build.0 = Release|Any CPU
	EndGlobalSection
	GlobalSection(SolutionProperties) = preSolution
		HideSolutionNode = FALSE
	EndGlobalSection
	GlobalSection(ExtensibilityGlobals) = postSolution
		SolutionGuid = {524FC458-31FC-43A4-925C-6C2BB1F7629F}
	EndGlobalSection
EndGlobal
